
Microsoft Visual Studio Solution File, Format Version 12.00
# Visual Studio 2013
VisualStudioVersion = 12.0.21005.1
MinimumVisualStudioVersion = 10.0.40219.1
Project("{FAE04EC0-301F-11D3-BF4B-00C04F79EFBC}") = "TransitApp.Droid", "TransitApp.Droid\TransitApp.Droid.csproj", "{4AF4487D-0C3E-4384-BA68-62CB1680C648}"
EndProject
Project("{FAE04EC0-301F-11D3-BF4B-00C04F79EFBC}") = "TransitApp.Core", "TransitApp.Core\TransitApp.Core.csproj", "{747706F4-ECBF-4D50-8D72-B0DDCC18395C}"
EndProject
Project("{FAE04EC0-301F-11D3-BF4B-00C04F79EFBC}") = "TransitApp.iOS", "TransitApp.iOS\TransitApp.iOS.csproj", "{8030C851-A607-47E5-B66A-7D892E8C12B0}"
EndProject
Project("{2150E333-8FDC-42A3-9474-1A3956D46DE8}") = "Solution Items", "Solution Items", "{277EE3DB-2A0A-47C5-BE68-0C558911CD7D}"
	ProjectSection(SolutionItems) = preProject
		NinjaReadMe.txt = NinjaReadMe.txt
	EndProjectSection
EndProject
Project("{FAE04EC0-301F-11D3-BF4B-00C04F79EFBC}") = "TransitApp.WindowsPhone", "TransitApp.WindowsPhone\TransitApp.WindowsPhone.csproj", "{20C82258-D3E4-429A-AEE9-51DD6317BC90}"
EndProject
Project("{FAE04EC0-301F-11D3-BF4B-00C04F79EFBC}") = "TransitApp.Core.Tests", "TransitApp.Core.Tests\TransitApp.Core.Tests.csproj", "{9F7F97ED-FEE8-4162-8C73-DE919FE95273}"
EndProject
Global
	GlobalSection(SolutionConfigurationPlatforms) = preSolution
		Ad-Hoc|Any CPU = Ad-Hoc|Any CPU
		Ad-Hoc|ARM = Ad-Hoc|ARM
		Ad-Hoc|iPhone = Ad-Hoc|iPhone
		Ad-Hoc|iPhoneSimulator = Ad-Hoc|iPhoneSimulator
		Ad-Hoc|x86 = Ad-Hoc|x86
		AppStore|Any CPU = AppStore|Any CPU
		AppStore|ARM = AppStore|ARM
		AppStore|iPhone = AppStore|iPhone
		AppStore|iPhoneSimulator = AppStore|iPhoneSimulator
		AppStore|x86 = AppStore|x86
		Debug|Any CPU = Debug|Any CPU
		Debug|ARM = Debug|ARM
		Debug|iPhone = Debug|iPhone
		Debug|iPhoneSimulator = Debug|iPhoneSimulator
		Debug|x86 = Debug|x86
		Release|Any CPU = Release|Any CPU
		Release|ARM = Release|ARM
		Release|iPhone = Release|iPhone
		Release|iPhoneSimulator = Release|iPhoneSimulator
		Release|x86 = Release|x86
	EndGlobalSection
	GlobalSection(ProjectConfigurationPlatforms) = postSolution
		{4AF4487D-0C3E-4384-BA68-62CB1680C648}.Ad-Hoc|Any CPU.ActiveCfg = Release|Any CPU
		{4AF4487D-0C3E-4384-BA68-62CB1680C648}.Ad-Hoc|Any CPU.Build.0 = Release|Any CPU
		{4AF4487D-0C3E-4384-BA68-62CB1680C648}.Ad-Hoc|Any CPU.Deploy.0 = Release|Any CPU
		{4AF4487D-0C3E-4384-BA68-62CB1680C648}.Ad-Hoc|ARM.ActiveCfg = Debug|Any CPU
		{4AF4487D-0C3E-4384-BA68-62CB1680C648}.Ad-Hoc|iPhone.ActiveCfg = Debug|Any CPU
		{4AF4487D-0C3E-4384-BA68-62CB1680C648}.Ad-Hoc|iPhone.Build.0 = Debug|Any CPU
		{4AF4487D-0C3E-4384-BA68-62CB1680C648}.Ad-Hoc|iPhoneSimulator.ActiveCfg = Release|Any CPU
		{4AF4487D-0C3E-4384-BA68-62CB1680C648}.Ad-Hoc|x86.ActiveCfg = Debug|Any CPU
		{4AF4487D-0C3E-4384-BA68-62CB1680C648}.AppStore|Any CPU.ActiveCfg = Release|Any CPU
		{4AF4487D-0C3E-4384-BA68-62CB1680C648}.AppStore|Any CPU.Build.0 = Release|Any CPU
		{4AF4487D-0C3E-4384-BA68-62CB1680C648}.AppStore|Any CPU.Deploy.0 = Release|Any CPU
		{4AF4487D-0C3E-4384-BA68-62CB1680C648}.AppStore|ARM.ActiveCfg = Debug|Any CPU
		{4AF4487D-0C3E-4384-BA68-62CB1680C648}.AppStore|iPhone.ActiveCfg = Debug|Any CPU
		{4AF4487D-0C3E-4384-BA68-62CB1680C648}.AppStore|iPhone.Build.0 = Debug|Any CPU
		{4AF4487D-0C3E-4384-BA68-62CB1680C648}.AppStore|iPhoneSimulator.ActiveCfg = Release|Any CPU
		{4AF4487D-0C3E-4384-BA68-62CB1680C648}.AppStore|x86.ActiveCfg = Debug|Any CPU
		{4AF4487D-0C3E-4384-BA68-62CB1680C648}.Debug|Any CPU.ActiveCfg = Debug|Any CPU
		{4AF4487D-0C3E-4384-BA68-62CB1680C648}.Debug|Any CPU.Build.0 = Debug|Any CPU
		{4AF4487D-0C3E-4384-BA68-62CB1680C648}.Debug|Any CPU.Deploy.0 = Debug|Any CPU
		{4AF4487D-0C3E-4384-BA68-62CB1680C648}.Debug|ARM.ActiveCfg = Debug|Any CPU
		{4AF4487D-0C3E-4384-BA68-62CB1680C648}.Debug|iPhone.ActiveCfg = Debug|Any CPU
		{4AF4487D-0C3E-4384-BA68-62CB1680C648}.Debug|iPhone.Build.0 = Debug|Any CPU
		{4AF4487D-0C3E-4384-BA68-62CB1680C648}.Debug|iPhoneSimulator.ActiveCfg = Debug|Any CPU
		{4AF4487D-0C3E-4384-BA68-62CB1680C648}.Debug|iPhoneSimulator.Build.0 = Debug|Any CPU
		{4AF4487D-0C3E-4384-BA68-62CB1680C648}.Debug|x86.ActiveCfg = Debug|Any CPU
		{4AF4487D-0C3E-4384-BA68-62CB1680C648}.Release|Any CPU.ActiveCfg = Release|Any CPU
		{4AF4487D-0C3E-4384-BA68-62CB1680C648}.Release|Any CPU.Build.0 = Release|Any CPU
		{4AF4487D-0C3E-4384-BA68-62CB1680C648}.Release|Any CPU.Deploy.0 = Release|Any CPU
		{4AF4487D-0C3E-4384-BA68-62CB1680C648}.Release|ARM.ActiveCfg = Release|Any CPU
		{4AF4487D-0C3E-4384-BA68-62CB1680C648}.Release|iPhone.ActiveCfg = Release|Any CPU
		{4AF4487D-0C3E-4384-BA68-62CB1680C648}.Release|iPhone.Build.0 = Release|Any CPU
		{4AF4487D-0C3E-4384-BA68-62CB1680C648}.Release|iPhoneSimulator.ActiveCfg = Release|Any CPU
		{4AF4487D-0C3E-4384-BA68-62CB1680C648}.Release|iPhoneSimulator.Build.0 = Release|Any CPU
		{4AF4487D-0C3E-4384-BA68-62CB1680C648}.Release|x86.ActiveCfg = Release|Any CPU
		{747706F4-ECBF-4D50-8D72-B0DDCC18395C}.Ad-Hoc|Any CPU.ActiveCfg = Release|Any CPU
		{747706F4-ECBF-4D50-8D72-B0DDCC18395C}.Ad-Hoc|Any CPU.Build.0 = Release|Any CPU
		{747706F4-ECBF-4D50-8D72-B0DDCC18395C}.Ad-Hoc|ARM.ActiveCfg = Debug|Any CPU
		{747706F4-ECBF-4D50-8D72-B0DDCC18395C}.Ad-Hoc|iPhone.ActiveCfg = Debug|Any CPU
		{747706F4-ECBF-4D50-8D72-B0DDCC18395C}.Ad-Hoc|iPhone.Build.0 = Debug|Any CPU
		{747706F4-ECBF-4D50-8D72-B0DDCC18395C}.Ad-Hoc|iPhoneSimulator.ActiveCfg = Release|Any CPU
		{747706F4-ECBF-4D50-8D72-B0DDCC18395C}.Ad-Hoc|x86.ActiveCfg = Debug|Any CPU
		{747706F4-ECBF-4D50-8D72-B0DDCC18395C}.AppStore|Any CPU.ActiveCfg = Release|Any CPU
		{747706F4-ECBF-4D50-8D72-B0DDCC18395C}.AppStore|Any CPU.Build.0 = Release|Any CPU
		{747706F4-ECBF-4D50-8D72-B0DDCC18395C}.AppStore|ARM.ActiveCfg = Debug|Any CPU
		{747706F4-ECBF-4D50-8D72-B0DDCC18395C}.AppStore|iPhone.ActiveCfg = Debug|Any CPU
		{747706F4-ECBF-4D50-8D72-B0DDCC18395C}.AppStore|iPhone.Build.0 = Debug|Any CPU
		{747706F4-ECBF-4D50-8D72-B0DDCC18395C}.AppStore|iPhoneSimulator.ActiveCfg = Release|Any CPU
		{747706F4-ECBF-4D50-8D72-B0DDCC18395C}.AppStore|x86.ActiveCfg = Debug|Any CPU
		{747706F4-ECBF-4D50-8D72-B0DDCC18395C}.Debug|Any CPU.ActiveCfg = Debug|Any CPU
		{747706F4-ECBF-4D50-8D72-B0DDCC18395C}.Debug|Any CPU.Build.0 = Debug|Any CPU
		{747706F4-ECBF-4D50-8D72-B0DDCC18395C}.Debug|ARM.ActiveCfg = Debug|Any CPU
		{747706F4-ECBF-4D50-8D72-B0DDCC18395C}.Debug|iPhone.ActiveCfg = Debug|Any CPU
		{747706F4-ECBF-4D50-8D72-B0DDCC18395C}.Debug|iPhone.Build.0 = Debug|Any CPU
		{747706F4-ECBF-4D50-8D72-B0DDCC18395C}.Debug|iPhoneSimulator.ActiveCfg = Debug|Any CPU
		{747706F4-ECBF-4D50-8D72-B0DDCC18395C}.Debug|iPhoneSimulator.Build.0 = Debug|Any CPU
		{747706F4-ECBF-4D50-8D72-B0DDCC18395C}.Debug|x86.ActiveCfg = Debug|Any CPU
		{747706F4-ECBF-4D50-8D72-B0DDCC18395C}.Release|Any CPU.ActiveCfg = Release|Any CPU
		{747706F4-ECBF-4D50-8D72-B0DDCC18395C}.Release|Any CPU.Build.0 = Release|Any CPU
		{747706F4-ECBF-4D50-8D72-B0DDCC18395C}.Release|ARM.ActiveCfg = Release|Any CPU
		{747706F4-ECBF-4D50-8D72-B0DDCC18395C}.Release|iPhone.ActiveCfg = Release|Any CPU
		{747706F4-ECBF-4D50-8D72-B0DDCC18395C}.Release|iPhone.Build.0 = Release|Any CPU
		{747706F4-ECBF-4D50-8D72-B0DDCC18395C}.Release|iPhoneSimulator.ActiveCfg = Release|Any CPU
		{747706F4-ECBF-4D50-8D72-B0DDCC18395C}.Release|iPhoneSimulator.Build.0 = Release|Any CPU
		{747706F4-ECBF-4D50-8D72-B0DDCC18395C}.Release|x86.ActiveCfg = Release|Any CPU
		{8030C851-A607-47E5-B66A-7D892E8C12B0}.Ad-Hoc|Any CPU.ActiveCfg = Ad-Hoc|iPhone
		{8030C851-A607-47E5-B66A-7D892E8C12B0}.Ad-Hoc|ARM.ActiveCfg = Ad-Hoc|iPhone
		{8030C851-A607-47E5-B66A-7D892E8C12B0}.Ad-Hoc|iPhone.ActiveCfg = Ad-Hoc|iPhone
		{8030C851-A607-47E5-B66A-7D892E8C12B0}.Ad-Hoc|iPhone.Build.0 = Ad-Hoc|iPhone
		{8030C851-A607-47E5-B66A-7D892E8C12B0}.Ad-Hoc|iPhone.Deploy.0 = Ad-Hoc|iPhone
		{8030C851-A607-47E5-B66A-7D892E8C12B0}.Ad-Hoc|iPhoneSimulator.ActiveCfg = Ad-Hoc|iPhoneSimulator
		{8030C851-A607-47E5-B66A-7D892E8C12B0}.Ad-Hoc|iPhoneSimulator.Build.0 = Ad-Hoc|iPhoneSimulator
		{8030C851-A607-47E5-B66A-7D892E8C12B0}.Ad-Hoc|iPhoneSimulator.Deploy.0 = Ad-Hoc|iPhoneSimulator
		{8030C851-A607-47E5-B66A-7D892E8C12B0}.Ad-Hoc|x86.ActiveCfg = Ad-Hoc|iPhone
		{8030C851-A607-47E5-B66A-7D892E8C12B0}.AppStore|Any CPU.ActiveCfg = AppStore|iPhone
		{8030C851-A607-47E5-B66A-7D892E8C12B0}.AppStore|ARM.ActiveCfg = AppStore|iPhone
		{8030C851-A607-47E5-B66A-7D892E8C12B0}.AppStore|iPhone.ActiveCfg = AppStore|iPhone
		{8030C851-A607-47E5-B66A-7D892E8C12B0}.AppStore|iPhone.Build.0 = AppStore|iPhone
		{8030C851-A607-47E5-B66A-7D892E8C12B0}.AppStore|iPhone.Deploy.0 = AppStore|iPhone
		{8030C851-A607-47E5-B66A-7D892E8C12B0}.AppStore|iPhoneSimulator.ActiveCfg = AppStore|iPhoneSimulator
		{8030C851-A607-47E5-B66A-7D892E8C12B0}.AppStore|iPhoneSimulator.Build.0 = AppStore|iPhoneSimulator
		{8030C851-A607-47E5-B66A-7D892E8C12B0}.AppStore|iPhoneSimulator.Deploy.0 = AppStore|iPhoneSimulator
		{8030C851-A607-47E5-B66A-7D892E8C12B0}.AppStore|x86.ActiveCfg = AppStore|iPhone
		{8030C851-A607-47E5-B66A-7D892E8C12B0}.Debug|Any CPU.ActiveCfg = Debug|iPhone
		{8030C851-A607-47E5-B66A-7D892E8C12B0}.Debug|ARM.ActiveCfg = Debug|iPhone
		{8030C851-A607-47E5-B66A-7D892E8C12B0}.Debug|iPhone.ActiveCfg = Debug|iPhone
		{8030C851-A607-47E5-B66A-7D892E8C12B0}.Debug|iPhone.Build.0 = Debug|iPhone
		{8030C851-A607-47E5-B66A-7D892E8C12B0}.Debug|iPhone.Deploy.0 = Debug|iPhone
		{8030C851-A607-47E5-B66A-7D892E8C12B0}.Debug|iPhoneSimulator.ActiveCfg = Debug|iPhoneSimulator
		{8030C851-A607-47E5-B66A-7D892E8C12B0}.Debug|iPhoneSimulator.Build.0 = Debug|iPhoneSimulator
		{8030C851-A607-47E5-B66A-7D892E8C12B0}.Debug|iPhoneSimulator.Deploy.0 = Debug|iPhoneSimulator
		{8030C851-A607-47E5-B66A-7D892E8C12B0}.Debug|x86.ActiveCfg = Debug|iPhone
		{8030C851-A607-47E5-B66A-7D892E8C12B0}.Release|Any CPU.ActiveCfg = Release|iPhone
		{8030C851-A607-47E5-B66A-7D892E8C12B0}.Release|ARM.ActiveCfg = Release|iPhone
		{8030C851-A607-47E5-B66A-7D892E8C12B0}.Release|iPhone.ActiveCfg = Release|iPhone
		{8030C851-A607-47E5-B66A-7D892E8C12B0}.Release|iPhone.Build.0 = Release|iPhone
		{8030C851-A607-47E5-B66A-7D892E8C12B0}.Release|iPhone.Deploy.0 = Release|iPhone
		{8030C851-A607-47E5-B66A-7D892E8C12B0}.Release|iPhoneSimulator.ActiveCfg = Release|iPhoneSimulator
		{8030C851-A607-47E5-B66A-7D892E8C12B0}.Release|iPhoneSimulator.Build.0 = Release|iPhoneSimulator
		{8030C851-A607-47E5-B66A-7D892E8C12B0}.Release|iPhoneSimulator.Deploy.0 = Release|iPhoneSimulator
		{8030C851-A607-47E5-B66A-7D892E8C12B0}.Release|x86.ActiveCfg = Release|iPhone
		{20C82258-D3E4-429A-AEE9-51DD6317BC90}.Ad-Hoc|Any CPU.ActiveCfg = Release|Any CPU
		{20C82258-D3E4-429A-AEE9-51DD6317BC90}.Ad-Hoc|Any CPU.Build.0 = Release|Any CPU
		{20C82258-D3E4-429A-AEE9-51DD6317BC90}.Ad-Hoc|Any CPU.Deploy.0 = Release|Any CPU
		{20C82258-D3E4-429A-AEE9-51DD6317BC90}.Ad-Hoc|ARM.ActiveCfg = Release|ARM
		{20C82258-D3E4-429A-AEE9-51DD6317BC90}.Ad-Hoc|ARM.Build.0 = Release|ARM
		{20C82258-D3E4-429A-AEE9-51DD6317BC90}.Ad-Hoc|ARM.Deploy.0 = Release|ARM
		{20C82258-D3E4-429A-AEE9-51DD6317BC90}.Ad-Hoc|iPhone.ActiveCfg = Release|Any CPU
		{20C82258-D3E4-429A-AEE9-51DD6317BC90}.Ad-Hoc|iPhoneSimulator.ActiveCfg = Release|Any CPU
		{20C82258-D3E4-429A-AEE9-51DD6317BC90}.Ad-Hoc|x86.ActiveCfg = Release|x86
		{20C82258-D3E4-429A-AEE9-51DD6317BC90}.Ad-Hoc|x86.Build.0 = Release|x86
		{20C82258-D3E4-429A-AEE9-51DD6317BC90}.Ad-Hoc|x86.Deploy.0 = Release|x86
		{20C82258-D3E4-429A-AEE9-51DD6317BC90}.AppStore|Any CPU.ActiveCfg = Release|Any CPU
		{20C82258-D3E4-429A-AEE9-51DD6317BC90}.AppStore|Any CPU.Build.0 = Release|Any CPU
		{20C82258-D3E4-429A-AEE9-51DD6317BC90}.AppStore|Any CPU.Deploy.0 = Release|Any CPU
		{20C82258-D3E4-429A-AEE9-51DD6317BC90}.AppStore|ARM.ActiveCfg = Release|ARM
		{20C82258-D3E4-429A-AEE9-51DD6317BC90}.AppStore|ARM.Build.0 = Release|ARM
		{20C82258-D3E4-429A-AEE9-51DD6317BC90}.AppStore|ARM.Deploy.0 = Release|ARM
		{20C82258-D3E4-429A-AEE9-51DD6317BC90}.AppStore|iPhone.ActiveCfg = Release|Any CPU
		{20C82258-D3E4-429A-AEE9-51DD6317BC90}.AppStore|iPhoneSimulator.ActiveCfg = Release|Any CPU
		{20C82258-D3E4-429A-AEE9-51DD6317BC90}.AppStore|x86.ActiveCfg = Release|x86
		{20C82258-D3E4-429A-AEE9-51DD6317BC90}.AppStore|x86.Build.0 = Release|x86
		{20C82258-D3E4-429A-AEE9-51DD6317BC90}.AppStore|x86.Deploy.0 = Release|x86
		{20C82258-D3E4-429A-AEE9-51DD6317BC90}.Debug|Any CPU.ActiveCfg = Debug|Any CPU
		{20C82258-D3E4-429A-AEE9-51DD6317BC90}.Debug|Any CPU.Build.0 = Debug|Any CPU
		{20C82258-D3E4-429A-AEE9-51DD6317BC90}.Debug|Any CPU.Deploy.0 = Debug|Any CPU
		{20C82258-D3E4-429A-AEE9-51DD6317BC90}.Debug|ARM.ActiveCfg = Debug|ARM
		{20C82258-D3E4-429A-AEE9-51DD6317BC90}.Debug|ARM.Build.0 = Debug|ARM
		{20C82258-D3E4-429A-AEE9-51DD6317BC90}.Debug|ARM.Deploy.0 = Debug|ARM
		{20C82258-D3E4-429A-AEE9-51DD6317BC90}.Debug|iPhone.ActiveCfg = Debug|Any CPU
		{20C82258-D3E4-429A-AEE9-51DD6317BC90}.Debug|iPhoneSimulator.ActiveCfg = Debug|Any CPU
		{20C82258-D3E4-429A-AEE9-51DD6317BC90}.Debug|x86.ActiveCfg = Debug|x86
		{20C82258-D3E4-429A-AEE9-51DD6317BC90}.Debug|x86.Build.0 = Debug|x86
		{20C82258-D3E4-429A-AEE9-51DD6317BC90}.Debug|x86.Deploy.0 = Debug|x86
		{20C82258-D3E4-429A-AEE9-51DD6317BC90}.Release|Any CPU.ActiveCfg = Release|Any CPU
		{20C82258-D3E4-429A-AEE9-51DD6317BC90}.Release|Any CPU.Build.0 = Release|Any CPU
		{20C82258-D3E4-429A-AEE9-51DD6317BC90}.Release|Any CPU.Deploy.0 = Release|Any CPU
		{20C82258-D3E4-429A-AEE9-51DD6317BC90}.Release|ARM.ActiveCfg = Release|ARM
		{20C82258-D3E4-429A-AEE9-51DD6317BC90}.Release|ARM.Build.0 = Release|ARM
		{20C82258-D3E4-429A-AEE9-51DD6317BC90}.Release|ARM.Deploy.0 = Release|ARM
		{20C82258-D3E4-429A-AEE9-51DD6317BC90}.Release|iPhone.ActiveCfg = Release|Any CPU
		{20C82258-D3E4-429A-AEE9-51DD6317BC90}.Release|iPhoneSimulator.ActiveCfg = Release|Any CPU
		{20C82258-D3E4-429A-AEE9-51DD6317BC90}.Release|x86.ActiveCfg = Release|x86
		{20C82258-D3E4-429A-AEE9-51DD6317BC90}.Release|x86.Build.0 = Release|x86
		{20C82258-D3E4-429A-AEE9-51DD6317BC90}.Release|x86.Deploy.0 = Release|x86
		{9F7F97ED-FEE8-4162-8C73-DE919FE95273}.Ad-Hoc|Any CPU.ActiveCfg = Release|Any CPU
		{9F7F97ED-FEE8-4162-8C73-DE919FE95273}.Ad-Hoc|Any CPU.Build.0 = Release|Any CPU
		{9F7F97ED-FEE8-4162-8C73-DE919FE95273}.Ad-Hoc|ARM.ActiveCfg = Release|Any CPU
		{9F7F97ED-FEE8-4162-8C73-DE919FE95273}.Ad-Hoc|iPhone.ActiveCfg = Release|Any CPU
		{9F7F97ED-FEE8-4162-8C73-DE919FE95273}.Ad-Hoc|iPhoneSimulator.ActiveCfg = Release|Any CPU
		{9F7F97ED-FEE8-4162-8C73-DE919FE95273}.Ad-Hoc|x86.ActiveCfg = Release|Any CPU
		{9F7F97ED-FEE8-4162-8C73-DE919FE95273}.AppStore|Any CPU.ActiveCfg = Release|Any CPU
		{9F7F97ED-FEE8-4162-8C73-DE919FE95273}.AppStore|Any CPU.Build.0 = Release|Any CPU
		{9F7F97ED-FEE8-4162-8C73-DE919FE95273}.AppStore|ARM.ActiveCfg = Release|Any CPU
		{9F7F97ED-FEE8-4162-8C73-DE919FE95273}.AppStore|iPhone.ActiveCfg = Release|Any CPU
		{9F7F97ED-FEE8-4162-8C73-DE919FE95273}.AppStore|iPhoneSimulator.ActiveCfg = Release|Any CPU
		{9F7F97ED-FEE8-4162-8C73-DE919FE95273}.AppStore|x86.ActiveCfg = Release|Any CPU
		{9F7F97ED-FEE8-4162-8C73-DE919FE95273}.Debug|Any CPU.ActiveCfg = Debug|Any CPU
		{9F7F97ED-FEE8-4162-8C73-DE919FE95273}.Debug|Any CPU.Build.0 = Debug|Any CPU
		{9F7F97ED-FEE8-4162-8C73-DE919FE95273}.Debug|ARM.ActiveCfg = Debug|Any CPU
		{9F7F97ED-FEE8-4162-8C73-DE919FE95273}.Debug|iPhone.ActiveCfg = Debug|Any CPU
		{9F7F97ED-FEE8-4162-8C73-DE919FE95273}.Debug|iPhoneSimulator.ActiveCfg = Debug|Any CPU
		{9F7F97ED-FEE8-4162-8C73-DE919FE95273}.Debug|x86.ActiveCfg = Debug|Any CPU
		{9F7F97ED-FEE8-4162-8C73-DE919FE95273}.Release|Any CPU.ActiveCfg = Release|Any CPU
		{9F7F97ED-FEE8-4162-8C73-DE919FE95273}.Release|Any CPU.Build.0 = Release|Any CPU
		{9F7F97ED-FEE8-4162-8C73-DE919FE95273}.Release|ARM.ActiveCfg = Release|Any CPU
		{9F7F97ED-FEE8-4162-8C73-DE919FE95273}.Release|iPhone.ActiveCfg = Release|Any CPU
		{9F7F97ED-FEE8-4162-8C73-DE919FE95273}.Release|iPhoneSimulator.ActiveCfg = Release|Any CPU
		{9F7F97ED-FEE8-4162-8C73-DE919FE95273}.Release|x86.ActiveCfg = Release|Any CPU
	EndGlobalSection
	GlobalSection(SolutionProperties) = preSolution
		HideSolutionNode = FALSE
	EndGlobalSection
	GlobalSection(MonoDevelopProperties) = preSolution
		StartupItem = TransitApp.Droid\TransitApp.Droid.csproj
	EndGlobalSection
	GlobalSection(CodealikeProperties) = postSolution
		SolutionGuid = 5c9a1241-9397-4e91-b4f6-48a8ab64f572
	EndGlobalSection
EndGlobal
