
Microsoft Visual Studio Solution File, Format Version 12.00
# Visual Studio 2013
VisualStudioVersion = 12.0.30501.0
MinimumVisualStudioVersion = 10.0.40219.1
Project("{FAE04EC0-301F-11D3-BF4B-00C04F79EFBC}") = "GTFSRealtime.Infrastructure.MTA", "GTFSRealtime.Infrastructure.MTA\GTFSRealtime.Infrastructure.MTA.csproj", "{C15B9B36-86CC-4B3D-A69C-F2334BEE99C1}"
EndProject
Project("{FAE04EC0-301F-11D3-BF4B-00C04F79EFBC}") = "GTFSRealtime.IntegrationTests", "GTFSRealtime.IntegrationTests\GTFSRealtime.IntegrationTests.csproj", "{EEF8DDB7-E927-4649-812D-CC8F9E5599DC}"
EndProject
Project("{FAE04EC0-301F-11D3-BF4B-00C04F79EFBC}") = "GTFSRealtime.UnitTests", "GTFSRealtime.UnitTests\GTFSRealtime.UnitTests.csproj", "{051EEE47-4FD6-4672-BFB5-88E59D1AB041}"
EndProject
Project("{2150E333-8FDC-42A3-9474-1A3956D46DE8}") = "GTFSRealtime", "GTFSRealtime", "{DCFE495E-6DA5-4861-83F9-7F7A9CC4B4A5}"
EndProject
Project("{2150E333-8FDC-42A3-9474-1A3956D46DE8}") = "GTFSStatic", "GTFSStatic", "{117AF31D-30AB-4673-8023-E7F2560C2AD0}"
EndProject
Project("{FAE04EC0-301F-11D3-BF4B-00C04F79EFBC}") = "GTFSRealtime.Core", "GTFSRealtime.Core\GTFSRealtime.Core.csproj", "{CC97C6A6-9AF4-467D-832C-8AA38DBE1C03}"
EndProject
Project("{FAE04EC0-301F-11D3-BF4B-00C04F79EFBC}") = "GTFSRealtime.Infrastructure.Data", "GTFSRealtime.Infrastructure.Data\GTFSRealtime.Infrastructure.Data.csproj", "{680528DD-4E0A-42EA-8539-72E8609CB9FF}"
EndProject
Project("{FAE04EC0-301F-11D3-BF4B-00C04F79EFBC}") = "GTFSRealtime.DataLoader", "GTFSRealtime.DataLoader\GTFSRealtime.DataLoader.csproj", "{82152F59-6D4D-4B2C-944E-1EAF59874ACD}"
EndProject
Project("{2150E333-8FDC-42A3-9474-1A3956D46DE8}") = "MobileServices", "MobileServices", "{30CAC799-242E-4DA0-93EB-498E0780D230}"
EndProject
Project("{2150E333-8FDC-42A3-9474-1A3956D46DE8}") = "Shared", "Shared", "{8D4F98D4-F716-4F76-8DCE-E087B4705289}"
EndProject
Project("{FAE04EC0-301F-11D3-BF4B-00C04F79EFBC}") = "Shared.Infrastructure.Data", "Shared.Infrastructure.Data\Shared.Infrastructure.Data.csproj", "{F448E10C-3C84-42CE-A32F-7C2D64854C82}"
EndProject
Global
	GlobalSection(SolutionConfigurationPlatforms) = preSolution
		Debug|Any CPU = Debug|Any CPU
		Release|Any CPU = Release|Any CPU
	EndGlobalSection
	GlobalSection(ProjectConfigurationPlatforms) = postSolution
		{C15B9B36-86CC-4B3D-A69C-F2334BEE99C1}.Debug|Any CPU.ActiveCfg = Debug|Any CPU
		{C15B9B36-86CC-4B3D-A69C-F2334BEE99C1}.Debug|Any CPU.Build.0 = Debug|Any CPU
		{C15B9B36-86CC-4B3D-A69C-F2334BEE99C1}.Release|Any CPU.ActiveCfg = Release|Any CPU
		{C15B9B36-86CC-4B3D-A69C-F2334BEE99C1}.Release|Any CPU.Build.0 = Release|Any CPU
		{EEF8DDB7-E927-4649-812D-CC8F9E5599DC}.Debug|Any CPU.ActiveCfg = Debug|Any CPU
		{EEF8DDB7-E927-4649-812D-CC8F9E5599DC}.Debug|Any CPU.Build.0 = Debug|Any CPU
		{EEF8DDB7-E927-4649-812D-CC8F9E5599DC}.Release|Any CPU.ActiveCfg = Release|Any CPU
		{EEF8DDB7-E927-4649-812D-CC8F9E5599DC}.Release|Any CPU.Build.0 = Release|Any CPU
		{051EEE47-4FD6-4672-BFB5-88E59D1AB041}.Debug|Any CPU.ActiveCfg = Debug|Any CPU
		{051EEE47-4FD6-4672-BFB5-88E59D1AB041}.Debug|Any CPU.Build.0 = Debug|Any CPU
		{051EEE47-4FD6-4672-BFB5-88E59D1AB041}.Release|Any CPU.ActiveCfg = Release|Any CPU
		{051EEE47-4FD6-4672-BFB5-88E59D1AB041}.Release|Any CPU.Build.0 = Release|Any CPU
		{CC97C6A6-9AF4-467D-832C-8AA38DBE1C03}.Debug|Any CPU.ActiveCfg = Debug|Any CPU
		{CC97C6A6-9AF4-467D-832C-8AA38DBE1C03}.Debug|Any CPU.Build.0 = Debug|Any CPU
		{CC97C6A6-9AF4-467D-832C-8AA38DBE1C03}.Release|Any CPU.ActiveCfg = Release|Any CPU
		{CC97C6A6-9AF4-467D-832C-8AA38DBE1C03}.Release|Any CPU.Build.0 = Release|Any CPU
		{680528DD-4E0A-42EA-8539-72E8609CB9FF}.Debug|Any CPU.ActiveCfg = Debug|Any CPU
		{680528DD-4E0A-42EA-8539-72E8609CB9FF}.Debug|Any CPU.Build.0 = Debug|Any CPU
		{680528DD-4E0A-42EA-8539-72E8609CB9FF}.Release|Any CPU.ActiveCfg = Release|Any CPU
		{680528DD-4E0A-42EA-8539-72E8609CB9FF}.Release|Any CPU.Build.0 = Release|Any CPU
		{82152F59-6D4D-4B2C-944E-1EAF59874ACD}.Debug|Any CPU.ActiveCfg = Debug|Any CPU
		{82152F59-6D4D-4B2C-944E-1EAF59874ACD}.Debug|Any CPU.Build.0 = Debug|Any CPU
		{82152F59-6D4D-4B2C-944E-1EAF59874ACD}.Release|Any CPU.ActiveCfg = Release|Any CPU
		{82152F59-6D4D-4B2C-944E-1EAF59874ACD}.Release|Any CPU.Build.0 = Release|Any CPU
		{F448E10C-3C84-42CE-A32F-7C2D64854C82}.Debug|Any CPU.ActiveCfg = Debug|Any CPU
		{F448E10C-3C84-42CE-A32F-7C2D64854C82}.Debug|Any CPU.Build.0 = Debug|Any CPU
		{F448E10C-3C84-42CE-A32F-7C2D64854C82}.Release|Any CPU.ActiveCfg = Release|Any CPU
		{F448E10C-3C84-42CE-A32F-7C2D64854C82}.Release|Any CPU.Build.0 = Release|Any CPU
	EndGlobalSection
	GlobalSection(SolutionProperties) = preSolution
		HideSolutionNode = FALSE
	EndGlobalSection
	GlobalSection(NestedProjects) = preSolution
		{C15B9B36-86CC-4B3D-A69C-F2334BEE99C1} = {DCFE495E-6DA5-4861-83F9-7F7A9CC4B4A5}
		{EEF8DDB7-E927-4649-812D-CC8F9E5599DC} = {DCFE495E-6DA5-4861-83F9-7F7A9CC4B4A5}
		{051EEE47-4FD6-4672-BFB5-88E59D1AB041} = {DCFE495E-6DA5-4861-83F9-7F7A9CC4B4A5}
		{CC97C6A6-9AF4-467D-832C-8AA38DBE1C03} = {DCFE495E-6DA5-4861-83F9-7F7A9CC4B4A5}
		{680528DD-4E0A-42EA-8539-72E8609CB9FF} = {DCFE495E-6DA5-4861-83F9-7F7A9CC4B4A5}
		{82152F59-6D4D-4B2C-944E-1EAF59874ACD} = {DCFE495E-6DA5-4861-83F9-7F7A9CC4B4A5}
		{F448E10C-3C84-42CE-A32F-7C2D64854C82} = {8D4F98D4-F716-4F76-8DCE-E087B4705289}
	EndGlobalSection
	GlobalSection(ExtensibilityGlobals) = postSolution
		EnterpriseLibraryConfigurationToolBinariesPathV6 = packages\EnterpriseLibrary.TransientFaultHandling.6.0.1304.0\lib\portable-net45+win+wp8;packages\EnterpriseLibrary.TransientFaultHandling.Data.6.0.1304.1\lib\NET45
	EndGlobalSection
EndGlobal
