
Microsoft Visual Studio Solution File, Format Version 12.00
# Visual Studio 2013
VisualStudioVersion = 12.0.30501.0
MinimumVisualStudioVersion = 10.0.40219.1
Project("{FAE04EC0-301F-11D3-BF4B-00C04F79EFBC}") = "transit-app", "transit-app\transit-app.csproj", "{D1CC0740-A7AD-4ACD-90EE-23679425FDB9}"
EndProject
Global
	GlobalSection(SolutionConfigurationPlatforms) = preSolution
		Debug|Any CPU = Debug|Any CPU
		Release|Any CPU = Release|Any CPU
	EndGlobalSection
	GlobalSection(ProjectConfigurationPlatforms) = postSolution
		{D1CC0740-A7AD-4ACD-90EE-23679425FDB9}.Debug|Any CPU.ActiveCfg = Debug|Any CPU
		{D1CC0740-A7AD-4ACD-90EE-23679425FDB9}.Debug|Any CPU.Build.0 = Debug|Any CPU
		{D1CC0740-A7AD-4ACD-90EE-23679425FDB9}.Release|Any CPU.ActiveCfg = Release|Any CPU
		{D1CC0740-A7AD-4ACD-90EE-23679425FDB9}.Release|Any CPU.Build.0 = Release|Any CPU
	EndGlobalSection
	GlobalSection(SolutionProperties) = preSolution
		HideSolutionNode = FALSE
	EndGlobalSection
EndGlobal
